
Microsoft Visual Studio Solution File, Format Version 12.00
# Visual Studio Version 17
VisualStudioVersion = 17.5.33424.131
MinimumVisualStudioVersion = 10.0.40219.1
Project("{9A19103F-16F7-4668-BE54-9A1E7A4F7556}") = "H5-projekt-2023", "H5-projekt-2023.csproj", "{527BC421-35FF-4DD6-8885-0D5D9F9C5CFF}"
EndProject
Global
	GlobalSection(SolutionConfigurationPlatforms) = preSolution
		Debug|Any CPU = Debug|Any CPU
		Release|Any CPU = Release|Any CPU
	EndGlobalSection
	GlobalSection(ProjectConfigurationPlatforms) = postSolution
		{527BC421-35FF-4DD6-8885-0D5D9F9C5CFF}.Debug|Any CPU.ActiveCfg = Debug|Any CPU
		{527BC421-35FF-4DD6-8885-0D5D9F9C5CFF}.Debug|Any CPU.Build.0 = Debug|Any CPU
		{527BC421-35FF-4DD6-8885-0D5D9F9C5CFF}.Release|Any CPU.ActiveCfg = Release|Any CPU
		{527BC421-35FF-4DD6-8885-0D5D9F9C5CFF}.Release|Any CPU.Build.0 = Release|Any CPU
	EndGlobalSection
	GlobalSection(SolutionProperties) = preSolution
		HideSolutionNode = FALSE
	EndGlobalSection
	GlobalSection(ExtensibilityGlobals) = postSolution
		SolutionGuid = {74FCACDE-3B15-4424-B3D0-5259FE071455}
	EndGlobalSection
EndGlobal
